
Microsoft Visual Studio Solution File, Format Version 12.00
# Visual Studio 14
VisualStudioVersion = 14.0.25123.0
MinimumVisualStudioVersion = 10.0.40219.1
Project("{FAE04EC0-301F-11D3-BF4B-00C04F79EFBC}") = "Natanael_Parcial1_AP2", "Natanael_Parcial1_AP2\Natanael_Parcial1_AP2.csproj", "{C8C98FAD-7156-4919-A656-B122C2E82A58}"
EndProject
Project("{FAE04EC0-301F-11D3-BF4B-00C04F79EFBC}") = "BLL", "BLL\BLL.csproj", "{3CB6E443-176D-4DA4-B5EC-66F06DFC5F2F}"
EndProject
Project("{FAE04EC0-301F-11D3-BF4B-00C04F79EFBC}") = "DAL", "DAL\DAL.csproj", "{F7C4F442-E4EC-4DB0-8B2F-FB389BA1E33B}"
EndProject
Global
	GlobalSection(SolutionConfigurationPlatforms) = preSolution
		Debug|Any CPU = Debug|Any CPU
		Release|Any CPU = Release|Any CPU
	EndGlobalSection
	GlobalSection(ProjectConfigurationPlatforms) = postSolution
		{C8C98FAD-7156-4919-A656-B122C2E82A58}.Debug|Any CPU.ActiveCfg = Debug|Any CPU
		{C8C98FAD-7156-4919-A656-B122C2E82A58}.Debug|Any CPU.Build.0 = Debug|Any CPU
		{C8C98FAD-7156-4919-A656-B122C2E82A58}.Release|Any CPU.ActiveCfg = Release|Any CPU
		{C8C98FAD-7156-4919-A656-B122C2E82A58}.Release|Any CPU.Build.0 = Release|Any CPU
		{3CB6E443-176D-4DA4-B5EC-66F06DFC5F2F}.Debug|Any CPU.ActiveCfg = Debug|Any CPU
		{3CB6E443-176D-4DA4-B5EC-66F06DFC5F2F}.Debug|Any CPU.Build.0 = Debug|Any CPU
		{3CB6E443-176D-4DA4-B5EC-66F06DFC5F2F}.Release|Any CPU.ActiveCfg = Release|Any CPU
		{3CB6E443-176D-4DA4-B5EC-66F06DFC5F2F}.Release|Any CPU.Build.0 = Release|Any CPU
		{F7C4F442-E4EC-4DB0-8B2F-FB389BA1E33B}.Debug|Any CPU.ActiveCfg = Debug|Any CPU
		{F7C4F442-E4EC-4DB0-8B2F-FB389BA1E33B}.Debug|Any CPU.Build.0 = Debug|Any CPU
		{F7C4F442-E4EC-4DB0-8B2F-FB389BA1E33B}.Release|Any CPU.ActiveCfg = Release|Any CPU
		{F7C4F442-E4EC-4DB0-8B2F-FB389BA1E33B}.Release|Any CPU.Build.0 = Release|Any CPU
	EndGlobalSection
	GlobalSection(SolutionProperties) = preSolution
		HideSolutionNode = FALSE
	EndGlobalSection
EndGlobal
